
Microsoft Visual Studio Solution File, Format Version 12.00
# Visual Studio Version 17
VisualStudioVersion = 17.4.33213.308
MinimumVisualStudioVersion = 10.0.40219.1
Project("{FAE04EC0-301F-11D3-BF4B-00C04F79EFBC}") = "Blazewind", "Blazewind\Blazewind.csproj", "{F02EEC1C-18FE-41A9-934D-22AC732DD480}"
EndProject
Global
	GlobalSection(SolutionConfigurationPlatforms) = preSolution
		Debug|Any CPU = Debug|Any CPU
		Release|Any CPU = Release|Any CPU
	EndGlobalSection
	GlobalSection(ProjectConfigurationPlatforms) = postSolution
		{F02EEC1C-18FE-41A9-934D-22AC732DD480}.Debug|Any CPU.ActiveCfg = Debug|Any CPU
		{F02EEC1C-18FE-41A9-934D-22AC732DD480}.Debug|Any CPU.Build.0 = Debug|Any CPU
		{F02EEC1C-18FE-41A9-934D-22AC732DD480}.Release|Any CPU.ActiveCfg = Release|Any CPU
		{F02EEC1C-18FE-41A9-934D-22AC732DD480}.Release|Any CPU.Build.0 = Release|Any CPU
	EndGlobalSection
	GlobalSection(SolutionProperties) = preSolution
		HideSolutionNode = FALSE
	EndGlobalSection
	GlobalSection(ExtensibilityGlobals) = postSolution
		SolutionGuid = {08DC9D1C-610C-4D7C-BF0C-DD39556D92C6}
	EndGlobalSection
EndGlobal
